# THIS IS AN AUTOGENERATED FILE. DO NOT EDIT THIS FILE DIRECTLY.
# yarn lockfile v1


"@biomejs/biome@^1.5.3":
  version "1.5.3"
  resolved "https://registry.yarnpkg.com/@biomejs/biome/-/biome-1.5.3.tgz#0762b9f681c247a228522e6c506060e734809d48"
  integrity sha512-yvZCa/g3akwTaAQ7PCwPWDCkZs3Qa5ONg/fgOUT9e6wAWsPftCjLQFPXBeGxPK30yZSSpgEmRCfpGTmVbUjGgg==
  optionalDependencies:
    "@biomejs/cli-darwin-arm64" "1.5.3"
    "@biomejs/cli-darwin-x64" "1.5.3"
    "@biomejs/cli-linux-arm64" "1.5.3"
    "@biomejs/cli-linux-arm64-musl" "1.5.3"
    "@biomejs/cli-linux-x64" "1.5.3"
    "@biomejs/cli-linux-x64-musl" "1.5.3"
    "@biomejs/cli-win32-arm64" "1.5.3"
    "@biomejs/cli-win32-x64" "1.5.3"

"@biomejs/cli-darwin-arm64@1.5.3":
  version "1.5.3"
  resolved "https://registry.yarnpkg.com/@biomejs/cli-darwin-arm64/-/cli-darwin-arm64-1.5.3.tgz#8df0a562ca59b7a77151e26f67f45074644fab1c"
  integrity sha512-ImU7mh1HghEDyqNmxEZBoMPr8SxekkZuYcs+gynKlNW+TALQs7swkERiBLkG9NR0K1B3/2uVzlvYowXrmlW8hw==

"@biomejs/cli-darwin-x64@1.5.3":
  version "1.5.3"
  resolved "https://registry.yarnpkg.com/@biomejs/cli-darwin-x64/-/cli-darwin-x64-1.5.3.tgz#ab5376f15d9e23b60ae2b0b51f7feee38a62bba2"
  integrity sha512-vCdASqYnlpq/swErH7FD6nrFz0czFtK4k/iLgj0/+VmZVjineFPgevOb+Sr9vz0tk0GfdQO60bSpI74zU8M9Dw==

"@biomejs/cli-linux-arm64-musl@1.5.3":
  version "1.5.3"
  resolved "https://registry.yarnpkg.com/@biomejs/cli-linux-arm64-musl/-/cli-linux-arm64-musl-1.5.3.tgz#a2ba748a6cf94e2288244294a8e36a7db153982f"
  integrity sha512-DYuMizUYUBYfS0IHGjDrOP1RGipqWfMGEvNEJ398zdtmCKLXaUvTimiox5dvx4X15mBK5M2m8wgWUgOP1giUpQ==

"@biomejs/cli-linux-arm64@1.5.3":
  version "1.5.3"
  resolved "https://registry.yarnpkg.com/@biomejs/cli-linux-arm64/-/cli-linux-arm64-1.5.3.tgz#c805d48a4740cadd4fbdc22bf74d86b6e10ed84e"
  integrity sha512-cupBQv0sNF1OKqBfx7EDWMSsKwRrBUZfjXawT4s6hKV6ALq7p0QzWlxr/sDmbKMLOaLQtw2Qgu/77N9rm+f9Rg==

"@biomejs/cli-linux-x64-musl@1.5.3":
  version "1.5.3"
  resolved "https://registry.yarnpkg.com/@biomejs/cli-linux-x64-musl/-/cli-linux-x64-musl-1.5.3.tgz#b524a85e46724543eb0f3eda143dd62e58d6e148"
  integrity sha512-UUHiAnlDqr2Y/LpvshBFhUYMWkl2/Jn+bi3U6jKuav0qWbbBKU/ByHgR4+NBxpKBYoCtWxhnmatfH1bpPIuZMw==

"@biomejs/cli-linux-x64@1.5.3":
  version "1.5.3"
  resolved "https://registry.yarnpkg.com/@biomejs/cli-linux-x64/-/cli-linux-x64-1.5.3.tgz#3934339eac9ec14307cb73541158cbf1695bfb79"
  integrity sha512-YQrSArQvcv4FYsk7Q91Yv4uuu5F8hJyORVcv3zsjCLGkjIjx2RhjYLpTL733SNL7v33GmOlZY0eFR1ko38tuUw==

"@biomejs/cli-win32-arm64@1.5.3":
  version "1.5.3"
  resolved "https://registry.yarnpkg.com/@biomejs/cli-win32-arm64/-/cli-win32-arm64-1.5.3.tgz#db337fc521bd046015499d8bbc02835dbd93f01c"
  integrity sha512-HxatYH7vf/kX9nrD+pDYuV2GI9GV8EFo6cfKkahAecTuZLPxryHx1WEfJthp5eNsE0+09STGkKIKjirP0ufaZA==

"@biomejs/cli-win32-x64@1.5.3":
  version "1.5.3"
  resolved "https://registry.yarnpkg.com/@biomejs/cli-win32-x64/-/cli-win32-x64-1.5.3.tgz#1a424f26b709bc17fc592de18e8f48a6d2a44c86"
  integrity sha512-fMvbSouZEASU7mZH8SIJSANDm5OqsjgtVXlbUqxwed6BP7uuHRSs396Aqwh2+VoW8fwTpp6ybIUoC9FrzB0kyA==

"@kurkle/color@^0.3.0":
  version "0.3.2"
  resolved "https://registry.yarnpkg.com/@kurkle/color/-/color-0.3.2.tgz#5acd38242e8bde4f9986e7913c8fdf49d3aa199f"
  integrity sha512-fuscdXJ9G1qb7W8VdHi+IwRqij3lBkosAm4ydQtEmbY58OzHXqQhvlxqEkoz0yssNVn38bcpRWgA9PP+OGoisw==

"@rollup/rollup-android-arm-eabi@4.12.0":
  version "4.12.0"
  resolved "https://registry.yarnpkg.com/@rollup/rollup-android-arm-eabi/-/rollup-android-arm-eabi-4.12.0.tgz#38c3abd1955a3c21d492af6b1a1dca4bb1d894d6"
  integrity sha512-+ac02NL/2TCKRrJu2wffk1kZ+RyqxVUlbjSagNgPm94frxtr+XDL12E5Ll1enWskLrtrZ2r8L3wED1orIibV/w==

"@rollup/rollup-android-arm64@4.12.0":
  version "4.12.0"
  resolved "https://registry.yarnpkg.com/@rollup/rollup-android-arm64/-/rollup-android-arm64-4.12.0.tgz#3822e929f415627609e53b11cec9a4be806de0e2"
  integrity sha512-OBqcX2BMe6nvjQ0Nyp7cC90cnumt8PXmO7Dp3gfAju/6YwG0Tj74z1vKrfRz7qAv23nBcYM8BCbhrsWqO7PzQQ==

"@rollup/rollup-darwin-arm64@4.12.0":
  version "4.12.0"
  resolved "https://registry.yarnpkg.com/@rollup/rollup-darwin-arm64/-/rollup-darwin-arm64-4.12.0.tgz#6c082de71f481f57df6cfa3701ab2a7afde96f69"
  integrity sha512-X64tZd8dRE/QTrBIEs63kaOBG0b5GVEd3ccoLtyf6IdXtHdh8h+I56C2yC3PtC9Ucnv0CpNFJLqKFVgCYe0lOQ==

"@rollup/rollup-darwin-x64@4.12.0":
  version "4.12.0"
  resolved "https://registry.yarnpkg.com/@rollup/rollup-darwin-x64/-/rollup-darwin-x64-4.12.0.tgz#c34ca0d31f3c46a22c9afa0e944403eea0edcfd8"
  integrity sha512-cc71KUZoVbUJmGP2cOuiZ9HSOP14AzBAThn3OU+9LcA1+IUqswJyR1cAJj3Mg55HbjZP6OLAIscbQsQLrpgTOg==

"@rollup/rollup-linux-arm-gnueabihf@4.12.0":
  version "4.12.0"
  resolved "https://registry.yarnpkg.com/@rollup/rollup-linux-arm-gnueabihf/-/rollup-linux-arm-gnueabihf-4.12.0.tgz#48e899c1e438629c072889b824a98787a7c2362d"
  integrity sha512-a6w/Y3hyyO6GlpKL2xJ4IOh/7d+APaqLYdMf86xnczU3nurFTaVN9s9jOXQg97BE4nYm/7Ga51rjec5nfRdrvA==

"@rollup/rollup-linux-arm64-gnu@4.12.0":
  version "4.12.0"
  resolved "https://registry.yarnpkg.com/@rollup/rollup-linux-arm64-gnu/-/rollup-linux-arm64-gnu-4.12.0.tgz#788c2698a119dc229062d40da6ada8a090a73a68"
  integrity sha512-0fZBq27b+D7Ar5CQMofVN8sggOVhEtzFUwOwPppQt0k+VR+7UHMZZY4y+64WJ06XOhBTKXtQB/Sv0NwQMXyNAA==

"@rollup/rollup-linux-arm64-musl@4.12.0":
  version "4.12.0"
  resolved "https://registry.yarnpkg.com/@rollup/rollup-linux-arm64-musl/-/rollup-linux-arm64-musl-4.12.0.tgz#3882a4e3a564af9e55804beeb67076857b035ab7"
  integrity sha512-eTvzUS3hhhlgeAv6bfigekzWZjaEX9xP9HhxB0Dvrdbkk5w/b+1Sxct2ZuDxNJKzsRStSq1EaEkVSEe7A7ipgQ==

"@rollup/rollup-linux-riscv64-gnu@4.12.0":
  version "4.12.0"
  resolved "https://registry.yarnpkg.com/@rollup/rollup-linux-riscv64-gnu/-/rollup-linux-riscv64-gnu-4.12.0.tgz#0c6ad792e1195c12bfae634425a3d2aa0fe93ab7"
  integrity sha512-ix+qAB9qmrCRiaO71VFfY8rkiAZJL8zQRXveS27HS+pKdjwUfEhqo2+YF2oI+H/22Xsiski+qqwIBxVewLK7sw==

"@rollup/rollup-linux-x64-gnu@4.12.0":
  version "4.12.0"
  resolved "https://registry.yarnpkg.com/@rollup/rollup-linux-x64-gnu/-/rollup-linux-x64-gnu-4.12.0.tgz#9d62485ea0f18d8674033b57aa14fb758f6ec6e3"
  integrity sha512-TenQhZVOtw/3qKOPa7d+QgkeM6xY0LtwzR8OplmyL5LrgTWIXpTQg2Q2ycBf8jm+SFW2Wt/DTn1gf7nFp3ssVA==

"@rollup/rollup-linux-x64-musl@4.12.0":
  version "4.12.0"
  resolved "https://registry.yarnpkg.com/@rollup/rollup-linux-x64-musl/-/rollup-linux-x64-musl-4.12.0.tgz#50e8167e28b33c977c1f813def2b2074d1435e05"
  integrity sha512-LfFdRhNnW0zdMvdCb5FNuWlls2WbbSridJvxOvYWgSBOYZtgBfW9UGNJG//rwMqTX1xQE9BAodvMH9tAusKDUw==

"@rollup/rollup-win32-arm64-msvc@4.12.0":
  version "4.12.0"
  resolved "https://registry.yarnpkg.com/@rollup/rollup-win32-arm64-msvc/-/rollup-win32-arm64-msvc-4.12.0.tgz#68d233272a2004429124494121a42c4aebdc5b8e"
  integrity sha512-JPDxovheWNp6d7AHCgsUlkuCKvtu3RB55iNEkaQcf0ttsDU/JZF+iQnYcQJSk/7PtT4mjjVG8N1kpwnI9SLYaw==

"@rollup/rollup-win32-ia32-msvc@4.12.0":
  version "4.12.0"
  resolved "https://registry.yarnpkg.com/@rollup/rollup-win32-ia32-msvc/-/rollup-win32-ia32-msvc-4.12.0.tgz#366ca62221d1689e3b55a03f4ae12ae9ba595d40"
  integrity sha512-fjtuvMWRGJn1oZacG8IPnzIV6GF2/XG+h71FKn76OYFqySXInJtseAqdprVTDTyqPxQOG9Exak5/E9Z3+EJ8ZA==

"@rollup/rollup-win32-x64-msvc@4.12.0":
  version "4.12.0"
  resolved "https://registry.yarnpkg.com/@rollup/rollup-win32-x64-msvc/-/rollup-win32-x64-msvc-4.12.0.tgz#9ffdf9ed133a7464f4ae187eb9e1294413fab235"
  integrity sha512-ZYmr5mS2wd4Dew/JjT0Fqi2NPB/ZhZ2VvPp7SmvPZb4Y1CG/LRcS6tcRo2cYU7zLK5A7cdbhWnnWmUjoI4qapg==

"@types/estree@1.0.5":
  version "1.0.5"
  resolved "https://registry.yarnpkg.com/@types/estree/-/estree-1.0.5.tgz#a6ce3e556e00fd9895dd872dd172ad0d4bd687f4"
  integrity sha512-/kYRxGDLWzHOB7q+wtSUQlFrtcdUccpfy+X+9iMBpHK8QLLhx2wIPYuS5DYtR9Wa/YlZAbIovy7qVdB1Aq6Lyw==

chart.js@^4.4.1:
  version "4.4.2"
  resolved "https://registry.yarnpkg.com/chart.js/-/chart.js-4.4.2.tgz#95962fa6430828ed325a480cc2d5f2b4e385ac31"
  integrity sha512-6GD7iKwFpP5kbSD4MeRRRlTnQvxfQREy36uEtm1hzHzcOqwWx0YEHuspuoNlslu+nciLIB7fjjsHkUv/FzFcOg==
  dependencies:
    "@kurkle/color" "^0.3.0"

fsevents@~2.3.2:
  version "2.3.3"
  resolved "https://registry.yarnpkg.com/fsevents/-/fsevents-2.3.3.tgz#cac6407785d03675a2a5e1a5305c697b347d90d6"
  integrity sha512-5xoDfX+fL7faATnagmWPpbFtwh/R77WmMMqqHGS65C3vvB0YHrgF+B1YmZ3441tMj5n63k0212XNoJwzlhffQw==

rollup@^4.12.0:
  version "4.12.0"
  resolved "https://registry.yarnpkg.com/rollup/-/rollup-4.12.0.tgz#0b6d1e5f3d46bbcf244deec41a7421dc54cc45b5"
  integrity sha512-wz66wn4t1OHIJw3+XU7mJJQV/2NAfw5OAk6G6Hoo3zcvz/XOfQ52Vgi+AN4Uxoxi0KBBwk2g8zPrTDA4btSB/Q==
  dependencies:
    "@types/estree" "1.0.5"
  optionalDependencies:
    "@rollup/rollup-android-arm-eabi" "4.12.0"
    "@rollup/rollup-android-arm64" "4.12.0"
    "@rollup/rollup-darwin-arm64" "4.12.0"
    "@rollup/rollup-darwin-x64" "4.12.0"
    "@rollup/rollup-linux-arm-gnueabihf" "4.12.0"
    "@rollup/rollup-linux-arm64-gnu" "4.12.0"
    "@rollup/rollup-linux-arm64-musl" "4.12.0"
    "@rollup/rollup-linux-riscv64-gnu" "4.12.0"
    "@rollup/rollup-linux-x64-gnu" "4.12.0"
    "@rollup/rollup-linux-x64-musl" "4.12.0"
    "@rollup/rollup-win32-arm64-msvc" "4.12.0"
    "@rollup/rollup-win32-ia32-msvc" "4.12.0"
    "@rollup/rollup-win32-x64-msvc" "4.12.0"
    fsevents "~2.3.2"

the-new-css-reset@^1.11.2:
  version "1.11.2"
  resolved "https://registry.yarnpkg.com/the-new-css-reset/-/the-new-css-reset-1.11.2.tgz#bd59faca14396a184b15e29a2a211cba0f3843af"
  integrity sha512-m/JQ/srn+e5SAI7MVCZOJ1hoxoE1w1uA96birT52Y9769GN9e0M4K1PBxlz05Vq4HprX11ASBjM2TcQs4WXnXg==
